
Microsoft Visual Studio Solution File, Format Version 12.00
# Visual Studio 15
VisualStudioVersion = 15.0.28307.1145
MinimumVisualStudioVersion = 10.0.40219.1
Project("{FAE04EC0-301F-11D3-BF4B-00C04F79EFBC}") = "Solo", "Solo\Solo.csproj", "{781D388D-67CD-4F84-A61F-51FE69FAF5EC}"
EndProject
Project("{FAE04EC0-301F-11D3-BF4B-00C04F79EFBC}") = "Test", "Test\Test.csproj", "{6E879590-FC5D-447E-AEDD-CA98AAF9132C}"
EndProject
Project("{FAE04EC0-301F-11D3-BF4B-00C04F79EFBC}") = "ConsoleTest", "ConsoleTest\ConsoleTest.csproj", "{0A04A992-18A6-4396-8EF0-3019D61B19B6}"
EndProject
Global
	GlobalSection(SolutionConfigurationPlatforms) = preSolution
		Debug|Any CPU = Debug|Any CPU
		Release|Any CPU = Release|Any CPU
	EndGlobalSection
	GlobalSection(ProjectConfigurationPlatforms) = postSolution
		{781D388D-67CD-4F84-A61F-51FE69FAF5EC}.Debug|Any CPU.ActiveCfg = Debug|Any CPU
		{781D388D-67CD-4F84-A61F-51FE69FAF5EC}.Debug|Any CPU.Build.0 = Debug|Any CPU
		{781D388D-67CD-4F84-A61F-51FE69FAF5EC}.Release|Any CPU.ActiveCfg = Release|Any CPU
		{781D388D-67CD-4F84-A61F-51FE69FAF5EC}.Release|Any CPU.Build.0 = Release|Any CPU
		{6E879590-FC5D-447E-AEDD-CA98AAF9132C}.Debug|Any CPU.ActiveCfg = Debug|Any CPU
		{6E879590-FC5D-447E-AEDD-CA98AAF9132C}.Debug|Any CPU.Build.0 = Debug|Any CPU
		{6E879590-FC5D-447E-AEDD-CA98AAF9132C}.Release|Any CPU.ActiveCfg = Release|Any CPU
		{6E879590-FC5D-447E-AEDD-CA98AAF9132C}.Release|Any CPU.Build.0 = Release|Any CPU
		{0A04A992-18A6-4396-8EF0-3019D61B19B6}.Debug|Any CPU.ActiveCfg = Debug|Any CPU
		{0A04A992-18A6-4396-8EF0-3019D61B19B6}.Debug|Any CPU.Build.0 = Debug|Any CPU
		{0A04A992-18A6-4396-8EF0-3019D61B19B6}.Release|Any CPU.ActiveCfg = Release|Any CPU
		{0A04A992-18A6-4396-8EF0-3019D61B19B6}.Release|Any CPU.Build.0 = Release|Any CPU
	EndGlobalSection
	GlobalSection(SolutionProperties) = preSolution
		HideSolutionNode = FALSE
	EndGlobalSection
	GlobalSection(ExtensibilityGlobals) = postSolution
		SolutionGuid = {6DA0019C-C6EA-4B1C-AB96-8A6F86554E59}
	EndGlobalSection
EndGlobal
